
Microsoft Visual Studio Solution File, Format Version 12.00
# Visual Studio Version 17
VisualStudioVersion = 17.0.32002.185
MinimumVisualStudioVersion = 10.0.40219.1
Project("{FAE04EC0-301F-11D3-BF4B-00C04F79EFBC}") = "Project1", "Project1\Project1.csproj", "{A21D59C7-4F3A-4EA0-8AB1-B0D272125852}"
EndProject
Global
	GlobalSection(SolutionConfigurationPlatforms) = preSolution
		Debug|Any CPU = Debug|Any CPU
		Release|Any CPU = Release|Any CPU
	EndGlobalSection
	GlobalSection(ProjectConfigurationPlatforms) = postSolution
		{A21D59C7-4F3A-4EA0-8AB1-B0D272125852}.Debug|Any CPU.ActiveCfg = Debug|Any CPU
		{A21D59C7-4F3A-4EA0-8AB1-B0D272125852}.Debug|Any CPU.Build.0 = Debug|Any CPU
		{A21D59C7-4F3A-4EA0-8AB1-B0D272125852}.Release|Any CPU.ActiveCfg = Release|Any CPU
		{A21D59C7-4F3A-4EA0-8AB1-B0D272125852}.Release|Any CPU.Build.0 = Release|Any CPU
	EndGlobalSection
	GlobalSection(SolutionProperties) = preSolution
		HideSolutionNode = FALSE
	EndGlobalSection
	GlobalSection(ExtensibilityGlobals) = postSolution
		SolutionGuid = {F0FA5009-F26A-4D61-99A4-645E38CB7E1E}
	EndGlobalSection
EndGlobal
